// !$*UTF8*$!
{
	archiveVersion = 1;
	classes = {
	};
	objectVersion = 77;
	objects = {

/* Begin PBXBuildFile section */
		020967A2000D318C6A9ECE23 /* AudioRecognitionPreprocessorTests.swift in Sources */ = {isa = PBXBuildFile; fileRef = 4D5AF8B0C31B3D3BC319A700 /* AudioRecognitionPreprocessorTests.swift */; };
		06E62A9DB81ED2EA8E9F0330 /* LLMPostProcessor.swift in Sources */ = {isa = PBXBuildFile; fileRef = 7C803DEDF9EAE9D4E8C14C7E /* LLMPostProcessor.swift */; };
		087B92BAEB91B2A23153DA41 /* UpdateService.swift in Sources */ = {isa = PBXBuildFile; fileRef = ABAF17E14062BC73F65CF7FD /* UpdateService.swift */; };
		0BB11537C982C731E8A9C06D /* LaunchAtLoginService.swift in Sources */ = {isa = PBXBuildFile; fileRef = 7EEDE3A134D7940680E98B65 /* LaunchAtLoginService.swift */; };
		130C07628C0D3E28C6C66E9B /* AudioRingBuffer.c in Sources */ = {isa = PBXBuildFile; fileRef = CB8BDFE6C9896219254CC03D /* AudioRingBuffer.c */; };
		1382B9023A773ADC62E71907 /* FloatingIndicatorLayoutTests.swift in Sources */ = {isa = PBXBuildFile; fileRef = E5C333F9E2D2E53C8388E26E /* FloatingIndicatorLayoutTests.swift */; };
		17F9EC88DB57EDE0C99E7A51 /* AppStateUpdateTests.swift in Sources */ = {isa = PBXBuildFile; fileRef = F198C419B5376572D7185A29 /* AppStateUpdateTests.swift */; };
		189B9BFB7463476C1FB70AD8 /* LocalGemmaPostProcessor.swift in Sources */ = {isa = PBXBuildFile; fileRef = F38DC2A495AF93A16B002372 /* LocalGemmaPostProcessor.swift */; };
		1C1DC32CFF5C5C55DE937923 /* AudioCaptureService.swift in Sources */ = {isa = PBXBuildFile; fileRef = C5E4B536164381A9A3E3C653 /* AudioCaptureService.swift */; };
		1D86CE52AD421422DC26FA71 /* OpenRouterPostProcessor.swift in Sources */ = {isa = PBXBuildFile; fileRef = B9D8487CCDF6CB1A7023E095 /* OpenRouterPostProcessor.swift */; };
		203AA795ED77F387E951BC34 /* UpdateConfigurationTests.swift in Sources */ = {isa = PBXBuildFile; fileRef = 2288214EF71C974822410431 /* UpdateConfigurationTests.swift */; };
		20FDAD6376F63CC79E0931E0 /* WelcomeView.swift in Sources */ = {isa = PBXBuildFile; fileRef = C0ED09D876730BF3FA833FFE /* WelcomeView.swift */; };
		215839A463DC27CA04A3ADB6 /* HotkeyService.swift in Sources */ = {isa = PBXBuildFile; fileRef = 34CC65DD3994740D7F4B27AB /* HotkeyService.swift */; };
		2FD2254875BF111D3522E161 /* HistoryStore.swift in Sources */ = {isa = PBXBuildFile; fileRef = 9E2ECDB4CFB11C5B9831460F /* HistoryStore.swift */; };
		305CB2DFC0FA4FD60803A30D /* libsherpa-onnx-c-api.dylib in Frameworks */ = {isa = PBXBuildFile; fileRef = 75E6194F3E61C3D677F93DA9 /* libsherpa-onnx-c-api.dylib */; };
		33659F330869ED86EC4C95FD /* AppStateSettingsTests.swift in Sources */ = {isa = PBXBuildFile; fileRef = DDBA8DA30905F29C03B8A36D /* AppStateSettingsTests.swift */; };
		34A83F20C1CEA0EA82E71CAC /* SuniyeNativeBridge.mm in Sources */ = {isa = PBXBuildFile; fileRef = DA6D9C9D8CF9BF854941CE7C /* SuniyeNativeBridge.mm */; };
		3A346E97AE82272F134A4D00 /* MainWindowPages.swift in Sources */ = {isa = PBXBuildFile; fileRef = 3985E6550A900F3B6818F86C /* MainWindowPages.swift */; };
		3C278A2864DB75569C991E3C /* libonnxruntime.dylib in Embed Frameworks */ = {isa = PBXBuildFile; fileRef = 1215194BCE451924E1C06FDD /* libonnxruntime.dylib */; settings = {ATTRIBUTES = (CodeSignOnCopy, RemoveHeadersOnCopy, ); }; };
		3F99795CBF268592F921BD0E /* LLMSettingsStore.swift in Sources */ = {isa = PBXBuildFile; fileRef = 6E03421F785ED24BFBF7A030 /* LLMSettingsStore.swift */; };
		4579E5C220D90608E10AB26A /* IssueReportView.swift in Sources */ = {isa = PBXBuildFile; fileRef = A97F653004C40ED6CF13FA61 /* IssueReportView.swift */; };
		460A066A38DD8822D3A8D8C5 /* MainWindowSectionTests.swift in Sources */ = {isa = PBXBuildFile; fileRef = 13D4CAFD2439B222AD68BE12 /* MainWindowSectionTests.swift */; };
		466BB47E9E296D2806E03780 /* TestDoubles.swift in Sources */ = {isa = PBXBuildFile; fileRef = 11558F5387C6D3FFC7B1B354 /* TestDoubles.swift */; };
		46CCC583C6502528306225E2 /* MagicFormatProviderPresentation.swift in Sources */ = {isa = PBXBuildFile; fileRef = 7A7986DAFD4E7E959E2DE2A6 /* MagicFormatProviderPresentation.swift */; };
		4716CC2BEBA805E69064122E /* libsherpa-onnx-c-api.dylib in Embed Frameworks */ = {isa = PBXBuildFile; fileRef = 75E6194F3E61C3D677F93DA9 /* libsherpa-onnx-c-api.dylib */; settings = {ATTRIBUTES = (CodeSignOnCopy, RemoveHeadersOnCopy, ); }; };
		4AF9B1202D7019824CA6D851 /* GeneralSettingsStore.swift in Sources */ = {isa = PBXBuildFile; fileRef = D3161CA1497B7EEA0FB2CE36 /* GeneralSettingsStore.swift */; };
		4C5922B0B6EE913379AECED2 /* AppStateSubmitCommandTests.swift in Sources */ = {isa = PBXBuildFile; fileRef = 10EFB6CFB00782DD57172E26 /* AppStateSubmitCommandTests.swift */; };
		4D8662CE6850AD46ECB306BA /* AppState.swift in Sources */ = {isa = PBXBuildFile; fileRef = CF483C4F8F43B591D1E13ABA /* AppState.swift */; };
		4F37908DEC15B105CAD05C4F /* CoreAudioDeviceMonitor.swift in Sources */ = {isa = PBXBuildFile; fileRef = 74358CCAA04D28E170CC02C2 /* CoreAudioDeviceMonitor.swift */; };
		50530ADD0EB72B0C65FDF940 /* ASRModelCatalog.swift in Sources */ = {isa = PBXBuildFile; fileRef = C1EEF5DAFB9957AB9ADBF7E3 /* ASRModelCatalog.swift */; };
		5281C912B2528C33773C008C /* MainWindowComponents.swift in Sources */ = {isa = PBXBuildFile; fileRef = B7E769F836704229B962F80C /* MainWindowComponents.swift */; };
		538CCC22F273225E882F7463 /* HistoryStoreTests.swift in Sources */ = {isa = PBXBuildFile; fileRef = 66890690C8C597EB937BE2F9 /* HistoryStoreTests.swift */; };
		56F6C83F84D44FC17F6C1AE2 /* AudioCaptureServiceTests.swift in Sources */ = {isa = PBXBuildFile; fileRef = 1B6F2EB76CF32A101E8454D9 /* AudioCaptureServiceTests.swift */; };
		58BD775AF83F95F70DC21BF5 /* libonnxruntime.dylib in Frameworks */ = {isa = PBXBuildFile; fileRef = 1215194BCE451924E1C06FDD /* libonnxruntime.dylib */; };
		5B615577C5A73DBC3C0F456D /* AudioCaptureModels.swift in Sources */ = {isa = PBXBuildFile; fileRef = F41BA6275400494E6FAD024A /* AudioCaptureModels.swift */; };
		5CEBE7C5B635C70620A16FF3 /* Assets.xcassets in Resources */ = {isa = PBXBuildFile; fileRef = D0D96966D22AF827757DB24D /* Assets.xcassets */; };
		5E5EF53C95B7F9CB9C00B459 /* ModelDownloadView.swift in Sources */ = {isa = PBXBuildFile; fileRef = B090C348C7D6E3317FC06B66 /* ModelDownloadView.swift */; };
		63217592A63F5325B2D8E6C5 /* SoundFeedbackService.swift in Sources */ = {isa = PBXBuildFile; fileRef = 46CB08DB3B0815DC0E822412 /* SoundFeedbackService.swift */; };
		633FB6F05F2C6507FF021D1F /* AppVersion.swift in Sources */ = {isa = PBXBuildFile; fileRef = BF32A97362B13A4984C14FA6 /* AppVersion.swift */; };
		63B5E0D3334CB7E08AF7D5EA /* LocalGemmaPostProcessorTests.swift in Sources */ = {isa = PBXBuildFile; fileRef = CA71D523EC88C51E2E911E4B /* LocalGemmaPostProcessorTests.swift */; };
		67C62EE8BA2F2B763D8477D6 /* Suniye.swift in Sources */ = {isa = PBXBuildFile; fileRef = C7F3C3D023876B9EE8256C00 /* Suniye.swift */; };
		6BADE038613593570D9E1F5F /* AppStateLLMTests.swift in Sources */ = {isa = PBXBuildFile; fileRef = 9D89C1656C10C1E6D3921D81 /* AppStateLLMTests.swift */; };
		6CED932755ECE82560241EC0 /* IssueReportServiceTests.swift in Sources */ = {isa = PBXBuildFile; fileRef = A90D5B82089314B9767C0F6D /* IssueReportServiceTests.swift */; };
		70911BA331D12E52A95C209F /* AppVersionTests.swift in Sources */ = {isa = PBXBuildFile; fileRef = E62E23E5D4CD3C127DD7F39C /* AppVersionTests.swift */; };
		7739558005EE588E176936C5 /* MagicFormatPage.swift in Sources */ = {isa = PBXBuildFile; fileRef = D9A43576952A870136E63581 /* MagicFormatPage.swift */; };
		775525A23D0120E0D562F6DE /* IssueReportWindowController.swift in Sources */ = {isa = PBXBuildFile; fileRef = 2A40680D7D6D6D80DF33509F /* IssueReportWindowController.swift */; };
		7EB9B5550B0A955CDFC3FC17 /* LLMSettingsStoreTests.swift in Sources */ = {isa = PBXBuildFile; fileRef = A2C954DD9B2466B271CC6A1D /* LLMSettingsStoreTests.swift */; };
		7FFDBD4254F504A0E5EC9D45 /* AudioCaptureDrivers.swift in Sources */ = {isa = PBXBuildFile; fileRef = DC0D2D7052852D86CA19FCC5 /* AudioCaptureDrivers.swift */; };
		8026BDFF0398AE05E7C479C9 /* ChatCompletionClient.swift in Sources */ = {isa = PBXBuildFile; fileRef = 73E0B8EFFC4C811FB6EDB2C3 /* ChatCompletionClient.swift */; };
		81F6D8FCAFCBE596A30B1381 /* FragmentMono-Italic.ttf in Resources */ = {isa = PBXBuildFile; fileRef = D4416B992248F8B51B0E9DE1 /* FragmentMono-Italic.ttf */; };
		83681464B14AD92EBCFCD908 /* IssueReportService.swift in Sources */ = {isa = PBXBuildFile; fileRef = 104370E76CFD4D8D685CEAC7 /* IssueReportService.swift */; };
		84CB629AA94E239EEC0911F6 /* AppLogger.swift in Sources */ = {isa = PBXBuildFile; fileRef = 4213B4B666CF5B60F3371019 /* AppLogger.swift */; };
		86AC38418D4F76638222975C /* OnboardingView.swift in Sources */ = {isa = PBXBuildFile; fileRef = 0F2DDA03B5269D9475CA06C9 /* OnboardingView.swift */; };
		898E0CC20B6C61DE45A0BC0B /* GeneralSettingsStoreTests.swift in Sources */ = {isa = PBXBuildFile; fileRef = 730EF6DDF61D565A9D49DFCA /* GeneralSettingsStoreTests.swift */; };
		90783B5C1E7D43413D251BBC /* TextInsertionService.swift in Sources */ = {isa = PBXBuildFile; fileRef = 01EE242F81867FE9A5048297 /* TextInsertionService.swift */; };
		9374A5ECE15AF5CBAC46E067 /* MagicFormatComponents.swift in Sources */ = {isa = PBXBuildFile; fileRef = 7822658531989BA498E467C7 /* MagicFormatComponents.swift */; };
		9675ED2944EAED16CBEFBA03 /* OnboardingModels.swift in Sources */ = {isa = PBXBuildFile; fileRef = 169B49FF7909FC69CDC3E1B3 /* OnboardingModels.swift */; };
		96D47C5DFE84C5C9C49BBAD6 /* OpenRouterPostProcessorTests.swift in Sources */ = {isa = PBXBuildFile; fileRef = 386B9D8DFD2BB94A83C15741 /* OpenRouterPostProcessorTests.swift */; };
		9CEC29D27FCC952C4C618C70 /* StatusItemController.swift in Sources */ = {isa = PBXBuildFile; fileRef = 2B2D87825E1C649DC7A33115 /* StatusItemController.swift */; };
		9F822914FE40C1F233C1E055 /* MainWindowController.swift in Sources */ = {isa = PBXBuildFile; fileRef = F51B3DBFA1B6B9385FA63197 /* MainWindowController.swift */; };
		A05C2A5B9164D20F2754C08F /* MagicFormatCoordinator.swift in Sources */ = {isa = PBXBuildFile; fileRef = 1D833B22A455551351698DF5 /* MagicFormatCoordinator.swift */; };
		A0D2E4AA64DD241ACA69457D /* Sparkle in Frameworks */ = {isa = PBXBuildFile; productRef = A1F146473FBF70BF26A9257B /* Sparkle */; };
		A2F15D9699E05918C7A96F38 /* AppleFoundationModelsPostProcessorTests.swift in Sources */ = {isa = PBXBuildFile; fileRef = 8A16E593550418D25E53DADE /* AppleFoundationModelsPostProcessorTests.swift */; };
		A450DED6405BD9A57EEB5F5D /* LocalGemmaLlamaServerTests.swift in Sources */ = {isa = PBXBuildFile; fileRef = E002F2ED2661905D8B147320 /* LocalGemmaLlamaServerTests.swift */; };
		AA7DAE1D8BC31737F5640A1B /* FragmentMono-Regular.ttf in Resources */ = {isa = PBXBuildFile; fileRef = 82E6C7AA7DADED73D5C382DA /* FragmentMono-Regular.ttf */; };
		AD87116EBACBA4A58B56D11A /* AppStateAudioCaptureTests.swift in Sources */ = {isa = PBXBuildFile; fileRef = 5599BFF26E7C9256D7B0F4A8 /* AppStateAudioCaptureTests.swift */; };
		B251595E3A3080BF2437F31F /* TranscriptionService.swift in Sources */ = {isa = PBXBuildFile; fileRef = 633F09E2901A308614E595B1 /* TranscriptionService.swift */; };
		B4C54A8C12A3F949CD83553C /* ModelManager.swift in Sources */ = {isa = PBXBuildFile; fileRef = 865C597BBA404F5F6A049278 /* ModelManager.swift */; };
		B5ECA34FCC355C3A8DC68EAD /* TextInsertionServiceTests.swift in Sources */ = {isa = PBXBuildFile; fileRef = E0C52C50D2C18B69DD4C775D /* TextInsertionServiceTests.swift */; };
		B6E82EB100F0460A6BBF520D /* KeychainServiceTests.swift in Sources */ = {isa = PBXBuildFile; fileRef = BDD66CF413C1ACA8DB2719C4 /* KeychainServiceTests.swift */; };
		BF0B1BE62096AF43DD92C42F /* MainWindowSection.swift in Sources */ = {isa = PBXBuildFile; fileRef = 49C6F3D1EED6DBFE38C52EC9 /* MainWindowSection.swift */; };
		C5FD99C053F76621FA55DC37 /* OnboardingMagicFormatPresentation.swift in Sources */ = {isa = PBXBuildFile; fileRef = D6F0B6E75F07AA101E587796 /* OnboardingMagicFormatPresentation.swift */; };
		C6D9D80335069A671A66A11A /* FloatingIndicatorState.swift in Sources */ = {isa = PBXBuildFile; fileRef = BAD363F5B6346BBC43B06E2E /* FloatingIndicatorState.swift */; };
		D0A7C3187C25D92FED7DDEEB /* AppStateIssueReportTests.swift in Sources */ = {isa = PBXBuildFile; fileRef = 897FC3AE1270CBE7E26BE606 /* AppStateIssueReportTests.swift */; };
		D31733EEC8E6838ADA961197 /* OnboardingMagicFormatStepView.swift in Sources */ = {isa = PBXBuildFile; fileRef = C0246650190A01AD8A26A7D0 /* OnboardingMagicFormatStepView.swift */; };
		D4A9EDEA500C15F31FEB8CE1 /* KeychainService.swift in Sources */ = {isa = PBXBuildFile; fileRef = 3ECD2622B5D49CEAF4D4736A /* KeychainService.swift */; };
		D56981268DA6E6B631417822 /* LocalGemmaLlamaCppClient.swift in Sources */ = {isa = PBXBuildFile; fileRef = D81C8980964221A020EBB979 /* LocalGemmaLlamaCppClient.swift */; };
		D592C6064881A1E36EA9E234 /* LocalLLMKeepAliveTests.swift in Sources */ = {isa = PBXBuildFile; fileRef = 86F0FD9A7C5E4966A5579DE8 /* LocalLLMKeepAliveTests.swift */; };
		D70B86338C771C5459B2AEC4 /* FloatingIndicatorController.swift in Sources */ = {isa = PBXBuildFile; fileRef = 1BFAD0B3FD93106BF02E29E5 /* FloatingIndicatorController.swift */; };
		D7DEF12DA8F4CFDA5B62F554 /* LLMSettings.swift in Sources */ = {isa = PBXBuildFile; fileRef = 0B9102217BDA1AFAF69837DE /* LLMSettings.swift */; };
		D838D2BD8C4395C5E6DC4C7B /* MenuBarView.swift in Sources */ = {isa = PBXBuildFile; fileRef = E69ACF4C1E158980EDDDA56F /* MenuBarView.swift */; };
		D9F4D7341720CE4EEF76C1E4 /* LocalLLMModelManager.swift in Sources */ = {isa = PBXBuildFile; fileRef = D04231EADA487127BD0F97D0 /* LocalLLMModelManager.swift */; };
		DB41AE744EEE09C11E39DB1C /* ListeningOverlay.swift in Sources */ = {isa = PBXBuildFile; fileRef = D1FAF2B003307FDF0EBA9BA0 /* ListeningOverlay.swift */; };
		DC8532A515E87705B0F4BFC5 /* SherpaOnnx.swift in Sources */ = {isa = PBXBuildFile; fileRef = E3471ED7BC0D817AF7D5C516 /* SherpaOnnx.swift */; };
		E435A53080A9CFFB863EB188 /* TranscriptionServiceE2ETests.swift in Sources */ = {isa = PBXBuildFile; fileRef = 626CB9CE980C310ED49F770F /* TranscriptionServiceE2ETests.swift */; };
		E59D820122464E89DAF21073 /* MainWindowView.swift in Sources */ = {isa = PBXBuildFile; fileRef = 6A3F45C96538887F8FF79E57 /* MainWindowView.swift */; };
		E7256E2787DFE4B1178B876F /* MagicFormatOutputPolicy.swift in Sources */ = {isa = PBXBuildFile; fileRef = CF1DD54B813C7230F0B16B34 /* MagicFormatOutputPolicy.swift */; };
		E877D4D7A206AF5389A998FE /* MagicFormatPostProcessorTestDoubles.swift in Sources */ = {isa = PBXBuildFile; fileRef = 87C71E72DD0A95818F74F8C5 /* MagicFormatPostProcessorTestDoubles.swift */; };
		E9210190CDD60F212008A02A /* SettingsModels.swift in Sources */ = {isa = PBXBuildFile; fileRef = 045F7AACA142A791AFFA7C43 /* SettingsModels.swift */; };
		EEBF448E040909CCFCADF515 /* LocalLLMModelManagerTests.swift in Sources */ = {isa = PBXBuildFile; fileRef = 316F29545ABA85276127E522 /* LocalLLMModelManagerTests.swift */; };
		F047041193A8264676FEC71A /* GoogleSans-Variable.ttf in Resources */ = {isa = PBXBuildFile; fileRef = D483D635E7A8E177A09D311E /* GoogleSans-Variable.ttf */; };
		F2BF3C9798763A0AEB4F39AC /* LocalGemmaRuntime.swift in Sources */ = {isa = PBXBuildFile; fileRef = C0F4C42B10B6C72669D9DBE4 /* LocalGemmaRuntime.swift */; };
		F75A72DF1CAEBAD284065DE4 /* ModelManagerE2ETests.swift in Sources */ = {isa = PBXBuildFile; fileRef = 6E5CEF1B4FEEFC12719CB94A /* ModelManagerE2ETests.swift */; };
		F8F1129D24AD0988D93BD4DA /* AppleFoundationModelsPostProcessor.swift in Sources */ = {isa = PBXBuildFile; fileRef = 96753F72AB64EA4C792D7AB5 /* AppleFoundationModelsPostProcessor.swift */; };
		F9F0D01CE511EF8AE268DC8A /* FloatingIndicatorView.swift in Sources */ = {isa = PBXBuildFile; fileRef = DA3686A213810FF9BE79E3CC /* FloatingIndicatorView.swift */; };
/* End PBXBuildFile section */

/* Begin PBXContainerItemProxy section */
		2B65E434B66D8F3AB48B8CDA /* PBXContainerItemProxy */ = {
			isa = PBXContainerItemProxy;
			containerPortal = 7EC380E89D48507CA2D5440A /* Project object */;
			proxyType = 1;
			remoteGlobalIDString = CAD822D1E62700B3227C9C01;
			remoteInfo = Suniye;
		};
/* End PBXContainerItemProxy section */

/* Begin PBXCopyFilesBuildPhase section */
		B806F2BB425A587B745F939B /* Embed Frameworks */ = {
			isa = PBXCopyFilesBuildPhase;
			buildActionMask = 2147483647;
			dstPath = "";
			dstSubfolderSpec = 10;
			files = (
				4716CC2BEBA805E69064122E /* libsherpa-onnx-c-api.dylib in Embed Frameworks */,
				3C278A2864DB75569C991E3C /* libonnxruntime.dylib in Embed Frameworks */,
			);
			name = "Embed Frameworks";
			runOnlyForDeploymentPostprocessing = 0;
		};
/* End PBXCopyFilesBuildPhase section */

/* Begin PBXFileReference section */
		01EE242F81867FE9A5048297 /* TextInsertionService.swift */ = {isa = PBXFileReference; lastKnownFileType = sourcecode.swift; path = TextInsertionService.swift; sourceTree = "<group>"; };
		045F7AACA142A791AFFA7C43 /* SettingsModels.swift */ = {isa = PBXFileReference; lastKnownFileType = sourcecode.swift; path = SettingsModels.swift; sourceTree = "<group>"; };
		0B9102217BDA1AFAF69837DE /* LLMSettings.swift */ = {isa = PBXFileReference; lastKnownFileType = sourcecode.swift; path = LLMSettings.swift; sourceTree = "<group>"; };
		0F2DDA03B5269D9475CA06C9 /* OnboardingView.swift */ = {isa = PBXFileReference; lastKnownFileType = sourcecode.swift; path = OnboardingView.swift; sourceTree = "<group>"; };
		104370E76CFD4D8D685CEAC7 /* IssueReportService.swift */ = {isa = PBXFileReference; lastKnownFileType = sourcecode.swift; path = IssueReportService.swift; sourceTree = "<group>"; };
		10EFB6CFB00782DD57172E26 /* AppStateSubmitCommandTests.swift */ = {isa = PBXFileReference; lastKnownFileType = sourcecode.swift; path = AppStateSubmitCommandTests.swift; sourceTree = "<group>"; };
		11558F5387C6D3FFC7B1B354 /* TestDoubles.swift */ = {isa = PBXFileReference; lastKnownFileType = sourcecode.swift; path = TestDoubles.swift; sourceTree = "<group>"; };
		1215194BCE451924E1C06FDD /* libonnxruntime.dylib */ = {isa = PBXFileReference; lastKnownFileType = "compiled.mach-o.dylib"; name = libonnxruntime.dylib; path = Suniye/Frameworks/libonnxruntime.dylib; sourceTree = "<group>"; };
		13D4CAFD2439B222AD68BE12 /* MainWindowSectionTests.swift */ = {isa = PBXFileReference; lastKnownFileType = sourcecode.swift; path = MainWindowSectionTests.swift; sourceTree = "<group>"; };
		169B49FF7909FC69CDC3E1B3 /* OnboardingModels.swift */ = {isa = PBXFileReference; lastKnownFileType = sourcecode.swift; path = OnboardingModels.swift; sourceTree = "<group>"; };
		1B6F2EB76CF32A101E8454D9 /* AudioCaptureServiceTests.swift */ = {isa = PBXFileReference; lastKnownFileType = sourcecode.swift; path = AudioCaptureServiceTests.swift; sourceTree = "<group>"; };
		1BFAD0B3FD93106BF02E29E5 /* FloatingIndicatorController.swift */ = {isa = PBXFileReference; lastKnownFileType = sourcecode.swift; path = FloatingIndicatorController.swift; sourceTree = "<group>"; };
		1D833B22A455551351698DF5 /* MagicFormatCoordinator.swift */ = {isa = PBXFileReference; lastKnownFileType = sourcecode.swift; path = MagicFormatCoordinator.swift; sourceTree = "<group>"; };
		2288214EF71C974822410431 /* UpdateConfigurationTests.swift */ = {isa = PBXFileReference; lastKnownFileType = sourcecode.swift; path = UpdateConfigurationTests.swift; sourceTree = "<group>"; };
		2A40680D7D6D6D80DF33509F /* IssueReportWindowController.swift */ = {isa = PBXFileReference; lastKnownFileType = sourcecode.swift; path = IssueReportWindowController.swift; sourceTree = "<group>"; };
		2B2D87825E1C649DC7A33115 /* StatusItemController.swift */ = {isa = PBXFileReference; lastKnownFileType = sourcecode.swift; path = StatusItemController.swift; sourceTree = "<group>"; };
		316F29545ABA85276127E522 /* LocalLLMModelManagerTests.swift */ = {isa = PBXFileReference; lastKnownFileType = sourcecode.swift; path = LocalLLMModelManagerTests.swift; sourceTree = "<group>"; };
		34CC65DD3994740D7F4B27AB /* HotkeyService.swift */ = {isa = PBXFileReference; lastKnownFileType = sourcecode.swift; path = HotkeyService.swift; sourceTree = "<group>"; };
		386B9D8DFD2BB94A83C15741 /* OpenRouterPostProcessorTests.swift */ = {isa = PBXFileReference; lastKnownFileType = sourcecode.swift; path = OpenRouterPostProcessorTests.swift; sourceTree = "<group>"; };
		3985E6550A900F3B6818F86C /* MainWindowPages.swift */ = {isa = PBXFileReference; lastKnownFileType = sourcecode.swift; path = MainWindowPages.swift; sourceTree = "<group>"; };
		3ECD2622B5D49CEAF4D4736A /* KeychainService.swift */ = {isa = PBXFileReference; lastKnownFileType = sourcecode.swift; path = KeychainService.swift; sourceTree = "<group>"; };
		4213B4B666CF5B60F3371019 /* AppLogger.swift */ = {isa = PBXFileReference; lastKnownFileType = sourcecode.swift; path = AppLogger.swift; sourceTree = "<group>"; };
		46CB08DB3B0815DC0E822412 /* SoundFeedbackService.swift */ = {isa = PBXFileReference; lastKnownFileType = sourcecode.swift; path = SoundFeedbackService.swift; sourceTree = "<group>"; };
		49C6F3D1EED6DBFE38C52EC9 /* MainWindowSection.swift */ = {isa = PBXFileReference; lastKnownFileType = sourcecode.swift; path = MainWindowSection.swift; sourceTree = "<group>"; };
		4D5AF8B0C31B3D3BC319A700 /* AudioRecognitionPreprocessorTests.swift */ = {isa = PBXFileReference; lastKnownFileType = sourcecode.swift; path = AudioRecognitionPreprocessorTests.swift; sourceTree = "<group>"; };
		547A58E2F28180249AF7E769 /* c-api.h */ = {isa = PBXFileReference; lastKnownFileType = sourcecode.c.h; path = "c-api.h"; sourceTree = "<group>"; };
		5599BFF26E7C9256D7B0F4A8 /* AppStateAudioCaptureTests.swift */ = {isa = PBXFileReference; lastKnownFileType = sourcecode.swift; path = AppStateAudioCaptureTests.swift; sourceTree = "<group>"; };
		626CB9CE980C310ED49F770F /* TranscriptionServiceE2ETests.swift */ = {isa = PBXFileReference; lastKnownFileType = sourcecode.swift; path = TranscriptionServiceE2ETests.swift; sourceTree = "<group>"; };
		633F09E2901A308614E595B1 /* TranscriptionService.swift */ = {isa = PBXFileReference; lastKnownFileType = sourcecode.swift; path = TranscriptionService.swift; sourceTree = "<group>"; };
		66890690C8C597EB937BE2F9 /* HistoryStoreTests.swift */ = {isa = PBXFileReference; lastKnownFileType = sourcecode.swift; path = HistoryStoreTests.swift; sourceTree = "<group>"; };
		6A3F45C96538887F8FF79E57 /* MainWindowView.swift */ = {isa = PBXFileReference; lastKnownFileType = sourcecode.swift; path = MainWindowView.swift; sourceTree = "<group>"; };
		6E03421F785ED24BFBF7A030 /* LLMSettingsStore.swift */ = {isa = PBXFileReference; lastKnownFileType = sourcecode.swift; path = LLMSettingsStore.swift; sourceTree = "<group>"; };
		6E5CEF1B4FEEFC12719CB94A /* ModelManagerE2ETests.swift */ = {isa = PBXFileReference; lastKnownFileType = sourcecode.swift; path = ModelManagerE2ETests.swift; sourceTree = "<group>"; };
		730EF6DDF61D565A9D49DFCA /* GeneralSettingsStoreTests.swift */ = {isa = PBXFileReference; lastKnownFileType = sourcecode.swift; path = GeneralSettingsStoreTests.swift; sourceTree = "<group>"; };
		73E0B8EFFC4C811FB6EDB2C3 /* ChatCompletionClient.swift */ = {isa = PBXFileReference; lastKnownFileType = sourcecode.swift; path = ChatCompletionClient.swift; sourceTree = "<group>"; };
		74358CCAA04D28E170CC02C2 /* CoreAudioDeviceMonitor.swift */ = {isa = PBXFileReference; lastKnownFileType = sourcecode.swift; path = CoreAudioDeviceMonitor.swift; sourceTree = "<group>"; };
		75E6194F3E61C3D677F93DA9 /* libsherpa-onnx-c-api.dylib */ = {isa = PBXFileReference; lastKnownFileType = "compiled.mach-o.dylib"; name = "libsherpa-onnx-c-api.dylib"; path = "Suniye/Frameworks/libsherpa-onnx-c-api.dylib"; sourceTree = "<group>"; };
		7822658531989BA498E467C7 /* MagicFormatComponents.swift */ = {isa = PBXFileReference; lastKnownFileType = sourcecode.swift; path = MagicFormatComponents.swift; sourceTree = "<group>"; };
		7A7986DAFD4E7E959E2DE2A6 /* MagicFormatProviderPresentation.swift */ = {isa = PBXFileReference; lastKnownFileType = sourcecode.swift; path = MagicFormatProviderPresentation.swift; sourceTree = "<group>"; };
		7C803DEDF9EAE9D4E8C14C7E /* LLMPostProcessor.swift */ = {isa = PBXFileReference; lastKnownFileType = sourcecode.swift; path = LLMPostProcessor.swift; sourceTree = "<group>"; };
		7EEDE3A134D7940680E98B65 /* LaunchAtLoginService.swift */ = {isa = PBXFileReference; lastKnownFileType = sourcecode.swift; path = LaunchAtLoginService.swift; sourceTree = "<group>"; };
		82E6C7AA7DADED73D5C382DA /* FragmentMono-Regular.ttf */ = {isa = PBXFileReference; lastKnownFileType = file; path = "FragmentMono-Regular.ttf"; sourceTree = "<group>"; };
		85BCA4A71724B17FDD57DFAD /* Suniye-Bridging-Header.h */ = {isa = PBXFileReference; lastKnownFileType = sourcecode.c.h; path = "Suniye-Bridging-Header.h"; sourceTree = "<group>"; };
		865C597BBA404F5F6A049278 /* ModelManager.swift */ = {isa = PBXFileReference; lastKnownFileType = sourcecode.swift; path = ModelManager.swift; sourceTree = "<group>"; };
		86F0FD9A7C5E4966A5579DE8 /* LocalLLMKeepAliveTests.swift */ = {isa = PBXFileReference; lastKnownFileType = sourcecode.swift; path = LocalLLMKeepAliveTests.swift; sourceTree = "<group>"; };
		87C71E72DD0A95818F74F8C5 /* MagicFormatPostProcessorTestDoubles.swift */ = {isa = PBXFileReference; lastKnownFileType = sourcecode.swift; path = MagicFormatPostProcessorTestDoubles.swift; sourceTree = "<group>"; };
		897FC3AE1270CBE7E26BE606 /* AppStateIssueReportTests.swift */ = {isa = PBXFileReference; lastKnownFileType = sourcecode.swift; path = AppStateIssueReportTests.swift; sourceTree = "<group>"; };
		8A16E593550418D25E53DADE /* AppleFoundationModelsPostProcessorTests.swift */ = {isa = PBXFileReference; lastKnownFileType = sourcecode.swift; path = AppleFoundationModelsPostProcessorTests.swift; sourceTree = "<group>"; };
		96753F72AB64EA4C792D7AB5 /* AppleFoundationModelsPostProcessor.swift */ = {isa = PBXFileReference; lastKnownFileType = sourcecode.swift; path = AppleFoundationModelsPostProcessor.swift; sourceTree = "<group>"; };
		9D1534750806E24BA6EAEBB6 /* SuniyeNativeBridge.h */ = {isa = PBXFileReference; lastKnownFileType = sourcecode.c.h; path = SuniyeNativeBridge.h; sourceTree = "<group>"; };
		9D89C1656C10C1E6D3921D81 /* AppStateLLMTests.swift */ = {isa = PBXFileReference; lastKnownFileType = sourcecode.swift; path = AppStateLLMTests.swift; sourceTree = "<group>"; };
		9E2ECDB4CFB11C5B9831460F /* HistoryStore.swift */ = {isa = PBXFileReference; lastKnownFileType = sourcecode.swift; path = HistoryStore.swift; sourceTree = "<group>"; };
		A2C954DD9B2466B271CC6A1D /* LLMSettingsStoreTests.swift */ = {isa = PBXFileReference; lastKnownFileType = sourcecode.swift; path = LLMSettingsStoreTests.swift; sourceTree = "<group>"; };
		A90D5B82089314B9767C0F6D /* IssueReportServiceTests.swift */ = {isa = PBXFileReference; lastKnownFileType = sourcecode.swift; path = IssueReportServiceTests.swift; sourceTree = "<group>"; };
		A97F653004C40ED6CF13FA61 /* IssueReportView.swift */ = {isa = PBXFileReference; lastKnownFileType = sourcecode.swift; path = IssueReportView.swift; sourceTree = "<group>"; };
		ABAF17E14062BC73F65CF7FD /* UpdateService.swift */ = {isa = PBXFileReference; lastKnownFileType = sourcecode.swift; path = UpdateService.swift; sourceTree = "<group>"; };
		B090C348C7D6E3317FC06B66 /* ModelDownloadView.swift */ = {isa = PBXFileReference; lastKnownFileType = sourcecode.swift; path = ModelDownloadView.swift; sourceTree = "<group>"; };
		B174C0E31BC3B2F6FBD0DE0A /* Info.plist */ = {isa = PBXFileReference; lastKnownFileType = text.plist; path = Info.plist; sourceTree = "<group>"; };
		B7E769F836704229B962F80C /* MainWindowComponents.swift */ = {isa = PBXFileReference; lastKnownFileType = sourcecode.swift; path = MainWindowComponents.swift; sourceTree = "<group>"; };
		B9D8487CCDF6CB1A7023E095 /* OpenRouterPostProcessor.swift */ = {isa = PBXFileReference; lastKnownFileType = sourcecode.swift; path = OpenRouterPostProcessor.swift; sourceTree = "<group>"; };
		BAD363F5B6346BBC43B06E2E /* FloatingIndicatorState.swift */ = {isa = PBXFileReference; lastKnownFileType = sourcecode.swift; path = FloatingIndicatorState.swift; sourceTree = "<group>"; };
		BDD66CF413C1ACA8DB2719C4 /* KeychainServiceTests.swift */ = {isa = PBXFileReference; lastKnownFileType = sourcecode.swift; path = KeychainServiceTests.swift; sourceTree = "<group>"; };
		BF32A97362B13A4984C14FA6 /* AppVersion.swift */ = {isa = PBXFileReference; lastKnownFileType = sourcecode.swift; path = AppVersion.swift; sourceTree = "<group>"; };
		C0246650190A01AD8A26A7D0 /* OnboardingMagicFormatStepView.swift */ = {isa = PBXFileReference; lastKnownFileType = sourcecode.swift; path = OnboardingMagicFormatStepView.swift; sourceTree = "<group>"; };
		C0ED09D876730BF3FA833FFE /* WelcomeView.swift */ = {isa = PBXFileReference; lastKnownFileType = sourcecode.swift; path = WelcomeView.swift; sourceTree = "<group>"; };
		C0F4C42B10B6C72669D9DBE4 /* LocalGemmaRuntime.swift */ = {isa = PBXFileReference; lastKnownFileType = sourcecode.swift; path = LocalGemmaRuntime.swift; sourceTree = "<group>"; };
		C1EEF5DAFB9957AB9ADBF7E3 /* ASRModelCatalog.swift */ = {isa = PBXFileReference; lastKnownFileType = sourcecode.swift; path = ASRModelCatalog.swift; sourceTree = "<group>"; };
		C5E4B536164381A9A3E3C653 /* AudioCaptureService.swift */ = {isa = PBXFileReference; lastKnownFileType = sourcecode.swift; path = AudioCaptureService.swift; sourceTree = "<group>"; };
		C7F3C3D023876B9EE8256C00 /* Suniye.swift */ = {isa = PBXFileReference; lastKnownFileType = sourcecode.swift; path = Suniye.swift; sourceTree = "<group>"; };
		CA71D523EC88C51E2E911E4B /* LocalGemmaPostProcessorTests.swift */ = {isa = PBXFileReference; lastKnownFileType = sourcecode.swift; path = LocalGemmaPostProcessorTests.swift; sourceTree = "<group>"; };
		CB8BDFE6C9896219254CC03D /* AudioRingBuffer.c */ = {isa = PBXFileReference; lastKnownFileType = sourcecode.c.c; path = AudioRingBuffer.c; sourceTree = "<group>"; };
		CF1DD54B813C7230F0B16B34 /* MagicFormatOutputPolicy.swift */ = {isa = PBXFileReference; lastKnownFileType = sourcecode.swift; path = MagicFormatOutputPolicy.swift; sourceTree = "<group>"; };
		CF483C4F8F43B591D1E13ABA /* AppState.swift */ = {isa = PBXFileReference; lastKnownFileType = sourcecode.swift; path = AppState.swift; sourceTree = "<group>"; };
		D04231EADA487127BD0F97D0 /* LocalLLMModelManager.swift */ = {isa = PBXFileReference; lastKnownFileType = sourcecode.swift; path = LocalLLMModelManager.swift; sourceTree = "<group>"; };
		D0D96966D22AF827757DB24D /* Assets.xcassets */ = {isa = PBXFileReference; lastKnownFileType = folder.assetcatalog; path = Assets.xcassets; sourceTree = "<group>"; };
		D1FAF2B003307FDF0EBA9BA0 /* ListeningOverlay.swift */ = {isa = PBXFileReference; lastKnownFileType = sourcecode.swift; path = ListeningOverlay.swift; sourceTree = "<group>"; };
		D3161CA1497B7EEA0FB2CE36 /* GeneralSettingsStore.swift */ = {isa = PBXFileReference; lastKnownFileType = sourcecode.swift; path = GeneralSettingsStore.swift; sourceTree = "<group>"; };
		D4416B992248F8B51B0E9DE1 /* FragmentMono-Italic.ttf */ = {isa = PBXFileReference; lastKnownFileType = file; path = "FragmentMono-Italic.ttf"; sourceTree = "<group>"; };
		D483D635E7A8E177A09D311E /* GoogleSans-Variable.ttf */ = {isa = PBXFileReference; lastKnownFileType = file; path = "GoogleSans-Variable.ttf"; sourceTree = "<group>"; };
		D6F0B6E75F07AA101E587796 /* OnboardingMagicFormatPresentation.swift */ = {isa = PBXFileReference; lastKnownFileType = sourcecode.swift; path = OnboardingMagicFormatPresentation.swift; sourceTree = "<group>"; };
		D81C8980964221A020EBB979 /* LocalGemmaLlamaCppClient.swift */ = {isa = PBXFileReference; lastKnownFileType = sourcecode.swift; path = LocalGemmaLlamaCppClient.swift; sourceTree = "<group>"; };
		D8AAE91358FFD9EDBEFA9ACC /* Suniye.app */ = {isa = PBXFileReference; explicitFileType = wrapper.application; includeInIndex = 0; path = Suniye.app; sourceTree = BUILT_PRODUCTS_DIR; };
		D9A43576952A870136E63581 /* MagicFormatPage.swift */ = {isa = PBXFileReference; lastKnownFileType = sourcecode.swift; path = MagicFormatPage.swift; sourceTree = "<group>"; };
		DA3686A213810FF9BE79E3CC /* FloatingIndicatorView.swift */ = {isa = PBXFileReference; lastKnownFileType = sourcecode.swift; path = FloatingIndicatorView.swift; sourceTree = "<group>"; };
		DA6D9C9D8CF9BF854941CE7C /* SuniyeNativeBridge.mm */ = {isa = PBXFileReference; lastKnownFileType = sourcecode.cpp.objcpp; path = SuniyeNativeBridge.mm; sourceTree = "<group>"; };
		DB71DAFF5363E778A2E91DB2 /* AudioRingBuffer.h */ = {isa = PBXFileReference; lastKnownFileType = sourcecode.c.h; path = AudioRingBuffer.h; sourceTree = "<group>"; };
		DC0D2D7052852D86CA19FCC5 /* AudioCaptureDrivers.swift */ = {isa = PBXFileReference; lastKnownFileType = sourcecode.swift; path = AudioCaptureDrivers.swift; sourceTree = "<group>"; };
		DDBA8DA30905F29C03B8A36D /* AppStateSettingsTests.swift */ = {isa = PBXFileReference; lastKnownFileType = sourcecode.swift; path = AppStateSettingsTests.swift; sourceTree = "<group>"; };
		E002F2ED2661905D8B147320 /* LocalGemmaLlamaServerTests.swift */ = {isa = PBXFileReference; lastKnownFileType = sourcecode.swift; path = LocalGemmaLlamaServerTests.swift; sourceTree = "<group>"; };
		E0C52C50D2C18B69DD4C775D /* TextInsertionServiceTests.swift */ = {isa = PBXFileReference; lastKnownFileType = sourcecode.swift; path = TextInsertionServiceTests.swift; sourceTree = "<group>"; };
		E3471ED7BC0D817AF7D5C516 /* SherpaOnnx.swift */ = {isa = PBXFileReference; lastKnownFileType = sourcecode.swift; path = SherpaOnnx.swift; sourceTree = "<group>"; };
		E5C333F9E2D2E53C8388E26E /* FloatingIndicatorLayoutTests.swift */ = {isa = PBXFileReference; lastKnownFileType = sourcecode.swift; path = FloatingIndicatorLayoutTests.swift; sourceTree = "<group>"; };
		E62E23E5D4CD3C127DD7F39C /* AppVersionTests.swift */ = {isa = PBXFileReference; lastKnownFileType = sourcecode.swift; path = AppVersionTests.swift; sourceTree = "<group>"; };
		E69ACF4C1E158980EDDDA56F /* MenuBarView.swift */ = {isa = PBXFileReference; lastKnownFileType = sourcecode.swift; path = MenuBarView.swift; sourceTree = "<group>"; };
		E801051B07B298FAF2CBA95F /* SuniyeTests.xctest */ = {isa = PBXFileReference; explicitFileType = wrapper.cfbundle; includeInIndex = 0; path = SuniyeTests.xctest; sourceTree = BUILT_PRODUCTS_DIR; };
		F198C419B5376572D7185A29 /* AppStateUpdateTests.swift */ = {isa = PBXFileReference; lastKnownFileType = sourcecode.swift; path = AppStateUpdateTests.swift; sourceTree = "<group>"; };
		F38DC2A495AF93A16B002372 /* LocalGemmaPostProcessor.swift */ = {isa = PBXFileReference; lastKnownFileType = sourcecode.swift; path = LocalGemmaPostProcessor.swift; sourceTree = "<group>"; };
		F41BA6275400494E6FAD024A /* AudioCaptureModels.swift */ = {isa = PBXFileReference; lastKnownFileType = sourcecode.swift; path = AudioCaptureModels.swift; sourceTree = "<group>"; };
		F51B3DBFA1B6B9385FA63197 /* MainWindowController.swift */ = {isa = PBXFileReference; lastKnownFileType = sourcecode.swift; path = MainWindowController.swift; sourceTree = "<group>"; };
/* End PBXFileReference section */

/* Begin PBXFrameworksBuildPhase section */
		A29A4D7AFEB429BCA73E739E /* Frameworks */ = {
			isa = PBXFrameworksBuildPhase;
			buildActionMask = 2147483647;
			files = (
				A0D2E4AA64DD241ACA69457D /* Sparkle in Frameworks */,
				305CB2DFC0FA4FD60803A30D /* libsherpa-onnx-c-api.dylib in Frameworks */,
				58BD775AF83F95F70DC21BF5 /* libonnxruntime.dylib in Frameworks */,
			);
			runOnlyForDeploymentPostprocessing = 0;
		};
/* End PBXFrameworksBuildPhase section */

/* Begin PBXGroup section */
		01731519CF80EDB1B574D79B /* Products */ = {
			isa = PBXGroup;
			children = (
				D8AAE91358FFD9EDBEFA9ACC /* Suniye.app */,
				E801051B07B298FAF2CBA95F /* SuniyeTests.xctest */,
			);
			name = Products;
			sourceTree = "<group>";
		};
		01C67E4AD731F4CCA30BBB1E /* Suniye */ = {
			isa = PBXGroup;
			children = (
				CF483C4F8F43B591D1E13ABA /* AppState.swift */,
				C1EEF5DAFB9957AB9ADBF7E3 /* ASRModelCatalog.swift */,
				D0D96966D22AF827757DB24D /* Assets.xcassets */,
				F41BA6275400494E6FAD024A /* AudioCaptureModels.swift */,
				CB8BDFE6C9896219254CC03D /* AudioRingBuffer.c */,
				DB71DAFF5363E778A2E91DB2 /* AudioRingBuffer.h */,
				547A58E2F28180249AF7E769 /* c-api.h */,
				1BFAD0B3FD93106BF02E29E5 /* FloatingIndicatorController.swift */,
				BAD363F5B6346BBC43B06E2E /* FloatingIndicatorState.swift */,
				B174C0E31BC3B2F6FBD0DE0A /* Info.plist */,
				2A40680D7D6D6D80DF33509F /* IssueReportWindowController.swift */,
				F51B3DBFA1B6B9385FA63197 /* MainWindowController.swift */,
				49C6F3D1EED6DBFE38C52EC9 /* MainWindowSection.swift */,
				169B49FF7909FC69CDC3E1B3 /* OnboardingModels.swift */,
				045F7AACA142A791AFFA7C43 /* SettingsModels.swift */,
				E3471ED7BC0D817AF7D5C516 /* SherpaOnnx.swift */,
				2B2D87825E1C649DC7A33115 /* StatusItemController.swift */,
				85BCA4A71724B17FDD57DFAD /* Suniye-Bridging-Header.h */,
				C7F3C3D023876B9EE8256C00 /* Suniye.swift */,
				9D1534750806E24BA6EAEBB6 /* SuniyeNativeBridge.h */,
				DA6D9C9D8CF9BF854941CE7C /* SuniyeNativeBridge.mm */,
				3B0062F685A6185CFE33BE63 /* Fonts */,
				9C4DE280446657D266991A07 /* Services */,
				ACABD336294DBFA58C26FE31 /* Views */,
			);
			path = Suniye;
			sourceTree = "<group>";
		};
		0CCEE84FE81B135399A9D983 /* SuniyeTests */ = {
			isa = PBXGroup;
			children = (
				8A16E593550418D25E53DADE /* AppleFoundationModelsPostProcessorTests.swift */,
				5599BFF26E7C9256D7B0F4A8 /* AppStateAudioCaptureTests.swift */,
				897FC3AE1270CBE7E26BE606 /* AppStateIssueReportTests.swift */,
				9D89C1656C10C1E6D3921D81 /* AppStateLLMTests.swift */,
				DDBA8DA30905F29C03B8A36D /* AppStateSettingsTests.swift */,
				10EFB6CFB00782DD57172E26 /* AppStateSubmitCommandTests.swift */,
				F198C419B5376572D7185A29 /* AppStateUpdateTests.swift */,
				E62E23E5D4CD3C127DD7F39C /* AppVersionTests.swift */,
				1B6F2EB76CF32A101E8454D9 /* AudioCaptureServiceTests.swift */,
				4D5AF8B0C31B3D3BC319A700 /* AudioRecognitionPreprocessorTests.swift */,
				E5C333F9E2D2E53C8388E26E /* FloatingIndicatorLayoutTests.swift */,
				730EF6DDF61D565A9D49DFCA /* GeneralSettingsStoreTests.swift */,
				66890690C8C597EB937BE2F9 /* HistoryStoreTests.swift */,
				A90D5B82089314B9767C0F6D /* IssueReportServiceTests.swift */,
				BDD66CF413C1ACA8DB2719C4 /* KeychainServiceTests.swift */,
				A2C954DD9B2466B271CC6A1D /* LLMSettingsStoreTests.swift */,
				E002F2ED2661905D8B147320 /* LocalGemmaLlamaServerTests.swift */,
				CA71D523EC88C51E2E911E4B /* LocalGemmaPostProcessorTests.swift */,
				86F0FD9A7C5E4966A5579DE8 /* LocalLLMKeepAliveTests.swift */,
				316F29545ABA85276127E522 /* LocalLLMModelManagerTests.swift */,
				87C71E72DD0A95818F74F8C5 /* MagicFormatPostProcessorTestDoubles.swift */,
				13D4CAFD2439B222AD68BE12 /* MainWindowSectionTests.swift */,
				6E5CEF1B4FEEFC12719CB94A /* ModelManagerE2ETests.swift */,
				386B9D8DFD2BB94A83C15741 /* OpenRouterPostProcessorTests.swift */,
				11558F5387C6D3FFC7B1B354 /* TestDoubles.swift */,
				E0C52C50D2C18B69DD4C775D /* TextInsertionServiceTests.swift */,
				626CB9CE980C310ED49F770F /* TranscriptionServiceE2ETests.swift */,
				2288214EF71C974822410431 /* UpdateConfigurationTests.swift */,
			);
			path = SuniyeTests;
			sourceTree = "<group>";
		};
		1D6CCCC695CE3C1A1ECFD563 /* MainWindow */ = {
			isa = PBXGroup;
			children = (
				7822658531989BA498E467C7 /* MagicFormatComponents.swift */,
				D9A43576952A870136E63581 /* MagicFormatPage.swift */,
				7A7986DAFD4E7E959E2DE2A6 /* MagicFormatProviderPresentation.swift */,
				B7E769F836704229B962F80C /* MainWindowComponents.swift */,
				3985E6550A900F3B6818F86C /* MainWindowPages.swift */,
				6A3F45C96538887F8FF79E57 /* MainWindowView.swift */,
			);
			path = MainWindow;
			sourceTree = "<group>";
		};
		3B0062F685A6185CFE33BE63 /* Fonts */ = {
			isa = PBXGroup;
			children = (
				D4416B992248F8B51B0E9DE1 /* FragmentMono-Italic.ttf */,
				82E6C7AA7DADED73D5C382DA /* FragmentMono-Regular.ttf */,
				D483D635E7A8E177A09D311E /* GoogleSans-Variable.ttf */,
			);
			path = Fonts;
			sourceTree = "<group>";
		};
		3DEDB5B99BE7B42D556BDC1D /* Frameworks */ = {
			isa = PBXGroup;
			children = (
				1215194BCE451924E1C06FDD /* libonnxruntime.dylib */,
				75E6194F3E61C3D677F93DA9 /* libsherpa-onnx-c-api.dylib */,
			);
			name = Frameworks;
			sourceTree = "<group>";
		};
		80BAA1F67F5D858DF2C17254 = {
			isa = PBXGroup;
			children = (
				01C67E4AD731F4CCA30BBB1E /* Suniye */,
				0CCEE84FE81B135399A9D983 /* SuniyeTests */,
				3DEDB5B99BE7B42D556BDC1D /* Frameworks */,
				01731519CF80EDB1B574D79B /* Products */,
			);
			sourceTree = "<group>";
		};
		9C4DE280446657D266991A07 /* Services */ = {
			isa = PBXGroup;
			children = (
				96753F72AB64EA4C792D7AB5 /* AppleFoundationModelsPostProcessor.swift */,
				4213B4B666CF5B60F3371019 /* AppLogger.swift */,
				BF32A97362B13A4984C14FA6 /* AppVersion.swift */,
				DC0D2D7052852D86CA19FCC5 /* AudioCaptureDrivers.swift */,
				C5E4B536164381A9A3E3C653 /* AudioCaptureService.swift */,
				73E0B8EFFC4C811FB6EDB2C3 /* ChatCompletionClient.swift */,
				74358CCAA04D28E170CC02C2 /* CoreAudioDeviceMonitor.swift */,
				D3161CA1497B7EEA0FB2CE36 /* GeneralSettingsStore.swift */,
				9E2ECDB4CFB11C5B9831460F /* HistoryStore.swift */,
				34CC65DD3994740D7F4B27AB /* HotkeyService.swift */,
				104370E76CFD4D8D685CEAC7 /* IssueReportService.swift */,
				3ECD2622B5D49CEAF4D4736A /* KeychainService.swift */,
				7EEDE3A134D7940680E98B65 /* LaunchAtLoginService.swift */,
				7C803DEDF9EAE9D4E8C14C7E /* LLMPostProcessor.swift */,
				0B9102217BDA1AFAF69837DE /* LLMSettings.swift */,
				6E03421F785ED24BFBF7A030 /* LLMSettingsStore.swift */,
				D81C8980964221A020EBB979 /* LocalGemmaLlamaCppClient.swift */,
				F38DC2A495AF93A16B002372 /* LocalGemmaPostProcessor.swift */,
				C0F4C42B10B6C72669D9DBE4 /* LocalGemmaRuntime.swift */,
				D04231EADA487127BD0F97D0 /* LocalLLMModelManager.swift */,
				1D833B22A455551351698DF5 /* MagicFormatCoordinator.swift */,
				CF1DD54B813C7230F0B16B34 /* MagicFormatOutputPolicy.swift */,
				865C597BBA404F5F6A049278 /* ModelManager.swift */,
				B9D8487CCDF6CB1A7023E095 /* OpenRouterPostProcessor.swift */,
				46CB08DB3B0815DC0E822412 /* SoundFeedbackService.swift */,
				01EE242F81867FE9A5048297 /* TextInsertionService.swift */,
				633F09E2901A308614E595B1 /* TranscriptionService.swift */,
				ABAF17E14062BC73F65CF7FD /* UpdateService.swift */,
			);
			path = Services;
			sourceTree = "<group>";
		};
		ACABD336294DBFA58C26FE31 /* Views */ = {
			isa = PBXGroup;
			children = (
				DA3686A213810FF9BE79E3CC /* FloatingIndicatorView.swift */,
				A97F653004C40ED6CF13FA61 /* IssueReportView.swift */,
				D1FAF2B003307FDF0EBA9BA0 /* ListeningOverlay.swift */,
				E69ACF4C1E158980EDDDA56F /* MenuBarView.swift */,
				B090C348C7D6E3317FC06B66 /* ModelDownloadView.swift */,
				D6F0B6E75F07AA101E587796 /* OnboardingMagicFormatPresentation.swift */,
				C0246650190A01AD8A26A7D0 /* OnboardingMagicFormatStepView.swift */,
				0F2DDA03B5269D9475CA06C9 /* OnboardingView.swift */,
				C0ED09D876730BF3FA833FFE /* WelcomeView.swift */,
				1D6CCCC695CE3C1A1ECFD563 /* MainWindow */,
			);
			path = Views;
			sourceTree = "<group>";
		};
/* End PBXGroup section */

/* Begin PBXNativeTarget section */
		A755DB8AF4855D0990A8585E /* SuniyeTests */ = {
			isa = PBXNativeTarget;
			buildConfigurationList = C62CDAD6728967C5B37BF91F /* Build configuration list for PBXNativeTarget "SuniyeTests" */;
			buildPhases = (
				E63C2B0C3D0E104B1598C80C /* Sources */,
			);
			buildRules = (
			);
			dependencies = (
				04688007BDBBE882FD8FB79A /* PBXTargetDependency */,
			);
			name = SuniyeTests;
			packageProductDependencies = (
			);
			productName = SuniyeTests;
			productReference = E801051B07B298FAF2CBA95F /* SuniyeTests.xctest */;
			productType = "com.apple.product-type.bundle.unit-test";
		};
		CAD822D1E62700B3227C9C01 /* Suniye */ = {
			isa = PBXNativeTarget;
			buildConfigurationList = B669C8F1859A0CF9EF7B07A5 /* Build configuration list for PBXNativeTarget "Suniye" */;
			buildPhases = (
				AF49742217D708DC2E850818 /* Sources */,
				99EF748BCBA0691FBF109379 /* Resources */,
				A29A4D7AFEB429BCA73E739E /* Frameworks */,
				B806F2BB425A587B745F939B /* Embed Frameworks */,
				5593D6AA8EFA08CCC085A93F /* Embed Local LLM Helper */,
			);
			buildRules = (
			);
			dependencies = (
			);
			name = Suniye;
			packageProductDependencies = (
				A1F146473FBF70BF26A9257B /* Sparkle */,
			);
			productName = Suniye;
			productReference = D8AAE91358FFD9EDBEFA9ACC /* Suniye.app */;
			productType = "com.apple.product-type.application";
		};
/* End PBXNativeTarget section */

/* Begin PBXProject section */
		7EC380E89D48507CA2D5440A /* Project object */ = {
			isa = PBXProject;
			attributes = {
				BuildIndependentTargetsInParallel = YES;
				LastUpgradeCheck = 1430;
				TargetAttributes = {
				};
			};
			buildConfigurationList = 448F126C3CAD6A3E5DBEFBCC /* Build configuration list for PBXProject "Suniye" */;
			developmentRegion = en;
			hasScannedForEncodings = 0;
			knownRegions = (
				Base,
				en,
			);
			mainGroup = 80BAA1F67F5D858DF2C17254;
			minimizedProjectReferenceProxies = 1;
			packageReferences = (
				1D53E53679565392F02B0140 /* XCRemoteSwiftPackageReference "Sparkle" */,
			);
			preferredProjectObjectVersion = 77;
			productRefGroup = 01731519CF80EDB1B574D79B /* Products */;
			projectDirPath = "";
			projectRoot = "";
			targets = (
				CAD822D1E62700B3227C9C01 /* Suniye */,
				A755DB8AF4855D0990A8585E /* SuniyeTests */,
			);
		};
/* End PBXProject section */

/* Begin PBXResourcesBuildPhase section */
		99EF748BCBA0691FBF109379 /* Resources */ = {
			isa = PBXResourcesBuildPhase;
			buildActionMask = 2147483647;
			files = (
				5CEBE7C5B635C70620A16FF3 /* Assets.xcassets in Resources */,
				81F6D8FCAFCBE596A30B1381 /* FragmentMono-Italic.ttf in Resources */,
				AA7DAE1D8BC31737F5640A1B /* FragmentMono-Regular.ttf in Resources */,
				F047041193A8264676FEC71A /* GoogleSans-Variable.ttf in Resources */,
			);
			runOnlyForDeploymentPostprocessing = 0;
		};
/* End PBXResourcesBuildPhase section */

/* Begin PBXShellScriptBuildPhase section */
		5593D6AA8EFA08CCC085A93F /* Embed Local LLM Helper */ = {
			isa = PBXShellScriptBuildPhase;
			alwaysOutOfDate = 1;
			buildActionMask = 2147483647;
			files = (
			);
			inputFileListPaths = (
			);
			inputPaths = (
			);
			name = "Embed Local LLM Helper";
			outputFileListPaths = (
			);
			outputPaths = (
			);
			runOnlyForDeploymentPostprocessing = 0;
			shellPath = /bin/sh;
			shellScript = "set -euo pipefail\n\nHELPER_SOURCE=\"${SUNIYE_LLAMA_SERVER_PATH:-${SRCROOT}/Suniye/LocalLLM/llama-server}\"\nHELPER_DEST=\"${TARGET_BUILD_DIR}/${CONTENTS_FOLDER_PATH}/Helpers/llama-server\"\nHELPER_REQUIRED=\"false\"\n\nif [[ \"${CONFIGURATION}\" == \"Release\" ]]; then\n  for arch in ${ARCHS:-}; do\n    if [[ \"${arch}\" == \"arm64\" || \"${arch}\" == \"arm64e\" ]]; then\n      HELPER_REQUIRED=\"true\"\n      break\n    fi\n  done\nfi\n\nif [[ -x \"${HELPER_SOURCE}\" ]]; then\n  mkdir -p \"$(dirname \"${HELPER_DEST}\")\"\n  /usr/bin/ditto \"${HELPER_SOURCE}\" \"${HELPER_DEST}\"\n  /bin/chmod 755 \"${HELPER_DEST}\"\n  echo \"Embedded local LLM helper: ${HELPER_DEST}\"\nelif [[ \"${HELPER_REQUIRED}\" == \"true\" ]]; then\n  echo \"Missing local LLM helper at ${HELPER_SOURCE}. Run scripts/setup_llama_cpp.sh or set SUNIYE_LLAMA_SERVER_PATH.\" >&2\n  exit 1\nelse\n  echo \"Skipping local LLM helper embed; helper not found at ${HELPER_SOURCE}.\"\nfi\n";
		};
/* End PBXShellScriptBuildPhase section */

/* Begin PBXSourcesBuildPhase section */
		AF49742217D708DC2E850818 /* Sources */ = {
			isa = PBXSourcesBuildPhase;
			buildActionMask = 2147483647;
			files = (
				50530ADD0EB72B0C65FDF940 /* ASRModelCatalog.swift in Sources */,
				84CB629AA94E239EEC0911F6 /* AppLogger.swift in Sources */,
				4D8662CE6850AD46ECB306BA /* AppState.swift in Sources */,
				633FB6F05F2C6507FF021D1F /* AppVersion.swift in Sources */,
				F8F1129D24AD0988D93BD4DA /* AppleFoundationModelsPostProcessor.swift in Sources */,
				7FFDBD4254F504A0E5EC9D45 /* AudioCaptureDrivers.swift in Sources */,
				5B615577C5A73DBC3C0F456D /* AudioCaptureModels.swift in Sources */,
				1C1DC32CFF5C5C55DE937923 /* AudioCaptureService.swift in Sources */,
				130C07628C0D3E28C6C66E9B /* AudioRingBuffer.c in Sources */,
				8026BDFF0398AE05E7C479C9 /* ChatCompletionClient.swift in Sources */,
				4F37908DEC15B105CAD05C4F /* CoreAudioDeviceMonitor.swift in Sources */,
				D70B86338C771C5459B2AEC4 /* FloatingIndicatorController.swift in Sources */,
				C6D9D80335069A671A66A11A /* FloatingIndicatorState.swift in Sources */,
				F9F0D01CE511EF8AE268DC8A /* FloatingIndicatorView.swift in Sources */,
				4AF9B1202D7019824CA6D851 /* GeneralSettingsStore.swift in Sources */,
				2FD2254875BF111D3522E161 /* HistoryStore.swift in Sources */,
				215839A463DC27CA04A3ADB6 /* HotkeyService.swift in Sources */,
				83681464B14AD92EBCFCD908 /* IssueReportService.swift in Sources */,
				4579E5C220D90608E10AB26A /* IssueReportView.swift in Sources */,
				775525A23D0120E0D562F6DE /* IssueReportWindowController.swift in Sources */,
				D4A9EDEA500C15F31FEB8CE1 /* KeychainService.swift in Sources */,
				06E62A9DB81ED2EA8E9F0330 /* LLMPostProcessor.swift in Sources */,
				D7DEF12DA8F4CFDA5B62F554 /* LLMSettings.swift in Sources */,
				3F99795CBF268592F921BD0E /* LLMSettingsStore.swift in Sources */,
				0BB11537C982C731E8A9C06D /* LaunchAtLoginService.swift in Sources */,
				DB41AE744EEE09C11E39DB1C /* ListeningOverlay.swift in Sources */,
				D56981268DA6E6B631417822 /* LocalGemmaLlamaCppClient.swift in Sources */,
				189B9BFB7463476C1FB70AD8 /* LocalGemmaPostProcessor.swift in Sources */,
				F2BF3C9798763A0AEB4F39AC /* LocalGemmaRuntime.swift in Sources */,
				D9F4D7341720CE4EEF76C1E4 /* LocalLLMModelManager.swift in Sources */,
				9374A5ECE15AF5CBAC46E067 /* MagicFormatComponents.swift in Sources */,
				A05C2A5B9164D20F2754C08F /* MagicFormatCoordinator.swift in Sources */,
				E7256E2787DFE4B1178B876F /* MagicFormatOutputPolicy.swift in Sources */,
				7739558005EE588E176936C5 /* MagicFormatPage.swift in Sources */,
				46CCC583C6502528306225E2 /* MagicFormatProviderPresentation.swift in Sources */,
				5281C912B2528C33773C008C /* MainWindowComponents.swift in Sources */,
				9F822914FE40C1F233C1E055 /* MainWindowController.swift in Sources */,
				3A346E97AE82272F134A4D00 /* MainWindowPages.swift in Sources */,
				BF0B1BE62096AF43DD92C42F /* MainWindowSection.swift in Sources */,
				E59D820122464E89DAF21073 /* MainWindowView.swift in Sources */,
				D838D2BD8C4395C5E6DC4C7B /* MenuBarView.swift in Sources */,
				5E5EF53C95B7F9CB9C00B459 /* ModelDownloadView.swift in Sources */,
				B4C54A8C12A3F949CD83553C /* ModelManager.swift in Sources */,
				C5FD99C053F76621FA55DC37 /* OnboardingMagicFormatPresentation.swift in Sources */,
				D31733EEC8E6838ADA961197 /* OnboardingMagicFormatStepView.swift in Sources */,
				9675ED2944EAED16CBEFBA03 /* OnboardingModels.swift in Sources */,
				86AC38418D4F76638222975C /* OnboardingView.swift in Sources */,
				1D86CE52AD421422DC26FA71 /* OpenRouterPostProcessor.swift in Sources */,
				E9210190CDD60F212008A02A /* SettingsModels.swift in Sources */,
				DC8532A515E87705B0F4BFC5 /* SherpaOnnx.swift in Sources */,
				63217592A63F5325B2D8E6C5 /* SoundFeedbackService.swift in Sources */,
				9CEC29D27FCC952C4C618C70 /* StatusItemController.swift in Sources */,
				67C62EE8BA2F2B763D8477D6 /* Suniye.swift in Sources */,
				34A83F20C1CEA0EA82E71CAC /* SuniyeNativeBridge.mm in Sources */,
				90783B5C1E7D43413D251BBC /* TextInsertionService.swift in Sources */,
				B251595E3A3080BF2437F31F /* TranscriptionService.swift in Sources */,
				087B92BAEB91B2A23153DA41 /* UpdateService.swift in Sources */,
				20FDAD6376F63CC79E0931E0 /* WelcomeView.swift in Sources */,
			);
			runOnlyForDeploymentPostprocessing = 0;
		};
		E63C2B0C3D0E104B1598C80C /* Sources */ = {
			isa = PBXSourcesBuildPhase;
			buildActionMask = 2147483647;
			files = (
				AD87116EBACBA4A58B56D11A /* AppStateAudioCaptureTests.swift in Sources */,
				D0A7C3187C25D92FED7DDEEB /* AppStateIssueReportTests.swift in Sources */,
				6BADE038613593570D9E1F5F /* AppStateLLMTests.swift in Sources */,
				33659F330869ED86EC4C95FD /* AppStateSettingsTests.swift in Sources */,
				4C5922B0B6EE913379AECED2 /* AppStateSubmitCommandTests.swift in Sources */,
				17F9EC88DB57EDE0C99E7A51 /* AppStateUpdateTests.swift in Sources */,
				70911BA331D12E52A95C209F /* AppVersionTests.swift in Sources */,
				A2F15D9699E05918C7A96F38 /* AppleFoundationModelsPostProcessorTests.swift in Sources */,
				56F6C83F84D44FC17F6C1AE2 /* AudioCaptureServiceTests.swift in Sources */,
				020967A2000D318C6A9ECE23 /* AudioRecognitionPreprocessorTests.swift in Sources */,
				1382B9023A773ADC62E71907 /* FloatingIndicatorLayoutTests.swift in Sources */,
				898E0CC20B6C61DE45A0BC0B /* GeneralSettingsStoreTests.swift in Sources */,
				538CCC22F273225E882F7463 /* HistoryStoreTests.swift in Sources */,
				6CED932755ECE82560241EC0 /* IssueReportServiceTests.swift in Sources */,
				B6E82EB100F0460A6BBF520D /* KeychainServiceTests.swift in Sources */,
				7EB9B5550B0A955CDFC3FC17 /* LLMSettingsStoreTests.swift in Sources */,
				A450DED6405BD9A57EEB5F5D /* LocalGemmaLlamaServerTests.swift in Sources */,
				63B5E0D3334CB7E08AF7D5EA /* LocalGemmaPostProcessorTests.swift in Sources */,
				D592C6064881A1E36EA9E234 /* LocalLLMKeepAliveTests.swift in Sources */,
				EEBF448E040909CCFCADF515 /* LocalLLMModelManagerTests.swift in Sources */,
				E877D4D7A206AF5389A998FE /* MagicFormatPostProcessorTestDoubles.swift in Sources */,
				460A066A38DD8822D3A8D8C5 /* MainWindowSectionTests.swift in Sources */,
				F75A72DF1CAEBAD284065DE4 /* ModelManagerE2ETests.swift in Sources */,
				96D47C5DFE84C5C9C49BBAD6 /* OpenRouterPostProcessorTests.swift in Sources */,
				466BB47E9E296D2806E03780 /* TestDoubles.swift in Sources */,
				B5ECA34FCC355C3A8DC68EAD /* TextInsertionServiceTests.swift in Sources */,
				E435A53080A9CFFB863EB188 /* TranscriptionServiceE2ETests.swift in Sources */,
				203AA795ED77F387E951BC34 /* UpdateConfigurationTests.swift in Sources */,
			);
			runOnlyForDeploymentPostprocessing = 0;
		};
/* End PBXSourcesBuildPhase section */

/* Begin PBXTargetDependency section */
		04688007BDBBE882FD8FB79A /* PBXTargetDependency */ = {
			isa = PBXTargetDependency;
			target = CAD822D1E62700B3227C9C01 /* Suniye */;
			targetProxy = 2B65E434B66D8F3AB48B8CDA /* PBXContainerItemProxy */;
		};
/* End PBXTargetDependency section */

/* Begin XCBuildConfiguration section */
		112B46D74DD6E123D98AB868 /* Debug */ = {
			isa = XCBuildConfiguration;
			buildSettings = {
				ALWAYS_SEARCH_USER_PATHS = NO;
				CLANG_ANALYZER_NONNULL = YES;
				CLANG_ANALYZER_NUMBER_OBJECT_CONVERSION = YES_AGGRESSIVE;
				CLANG_CXX_LANGUAGE_STANDARD = "gnu++14";
				CLANG_CXX_LIBRARY = "libc++";
				CLANG_ENABLE_MODULES = YES;
				CLANG_ENABLE_OBJC_ARC = YES;
				CLANG_ENABLE_OBJC_WEAK = YES;
				CLANG_WARN_BLOCK_CAPTURE_AUTORELEASING = YES;
				CLANG_WARN_BOOL_CONVERSION = YES;
				CLANG_WARN_COMMA = YES;
				CLANG_WARN_CONSTANT_CONVERSION = YES;
				CLANG_WARN_DEPRECATED_OBJC_IMPLEMENTATIONS = YES;
				CLANG_WARN_DIRECT_OBJC_ISA_USAGE = YES_ERROR;
				CLANG_WARN_DOCUMENTATION_COMMENTS = YES;
				CLANG_WARN_EMPTY_BODY = YES;
				CLANG_WARN_ENUM_CONVERSION = YES;
				CLANG_WARN_INFINITE_RECURSION = YES;
				CLANG_WARN_INT_CONVERSION = YES;
				CLANG_WARN_NON_LITERAL_NULL_CONVERSION = YES;
				CLANG_WARN_OBJC_IMPLICIT_RETAIN_SELF = YES;
				CLANG_WARN_OBJC_LITERAL_CONVERSION = YES;
				CLANG_WARN_OBJC_ROOT_CLASS = YES_ERROR;
				CLANG_WARN_QUOTED_INCLUDE_IN_FRAMEWORK_HEADER = YES;
				CLANG_WARN_RANGE_LOOP_ANALYSIS = YES;
				CLANG_WARN_STRICT_PROTOTYPES = YES;
				CLANG_WARN_SUSPICIOUS_MOVE = YES;
				CLANG_WARN_UNGUARDED_AVAILABILITY = YES_AGGRESSIVE;
				CLANG_WARN_UNREACHABLE_CODE = YES;
				CLANG_WARN__DUPLICATE_METHOD_MATCH = YES;
				COPY_PHASE_STRIP = NO;
				CURRENT_PROJECT_VERSION = 8;
				DEBUG_INFORMATION_FORMAT = dwarf;
				ENABLE_STRICT_OBJC_MSGSEND = YES;
				ENABLE_TESTABILITY = YES;
				GCC_C_LANGUAGE_STANDARD = gnu11;
				GCC_DYNAMIC_NO_PIC = NO;
				GCC_NO_COMMON_BLOCKS = YES;
				GCC_OPTIMIZATION_LEVEL = 0;
				GCC_PREPROCESSOR_DEFINITIONS = (
					"$(inherited)",
					"DEBUG=1",
				);
				GCC_WARN_64_TO_32_BIT_CONVERSION = YES;
				GCC_WARN_ABOUT_RETURN_TYPE = YES_ERROR;
				GCC_WARN_UNDECLARED_SELECTOR = YES;
				GCC_WARN_UNINITIALIZED_AUTOS = YES_AGGRESSIVE;
				GCC_WARN_UNUSED_FUNCTION = YES;
				GCC_WARN_UNUSED_VARIABLE = YES;
				MACOSX_DEPLOYMENT_TARGET = 14.0;
				MARKETING_VERSION = 0.0.8;
				MTL_ENABLE_DEBUG_INFO = INCLUDE_SOURCE;
				MTL_FAST_MATH = YES;
				ONLY_ACTIVE_ARCH = YES;
				PRODUCT_NAME = "$(TARGET_NAME)";
				SDKROOT = macosx;
				SUNIYE_BUILD_CHANNEL = stable;
				SWIFT_ACTIVE_COMPILATION_CONDITIONS = DEBUG;
				SWIFT_OPTIMIZATION_LEVEL = "-Onone";
				SWIFT_VERSION = 5.0;
			};
			name = Debug;
		};
		1C482FF13816798679E6CAE4 /* Debug */ = {
			isa = XCBuildConfiguration;
			buildSettings = {
				ASSETCATALOG_COMPILER_APPICON_NAME = AppIcon;
				COMBINE_HIDPI_IMAGES = YES;
				FRAMEWORK_SEARCH_PATHS = (
					"$(inherited)",
					"\"Suniye/Frameworks\"",
				);
				INFOPLIST_FILE = Suniye/Info.plist;
				LD_RUNPATH_SEARCH_PATHS = (
					"$(inherited)",
					"@executable_path/../Frameworks",
				);
				LIBRARY_SEARCH_PATHS = (
					"$(inherited)",
					"$(PROJECT_DIR)/Suniye/Frameworks",
				);
				OTHER_LDFLAGS = (
					"-ObjC",
				);
				PRODUCT_BUNDLE_IDENTIFIER = dev.suniye.app;
				SDKROOT = macosx;
				SWIFT_OBJC_BRIDGING_HEADER = "Suniye/Suniye-Bridging-Header.h";
			};
			name = Debug;
		};
		31664191B60EB5430E97DCF4 /* Debug */ = {
			isa = XCBuildConfiguration;
			buildSettings = {
				BUNDLE_LOADER = "$(TEST_HOST)";
				COMBINE_HIDPI_IMAGES = YES;
				GENERATE_INFOPLIST_FILE = YES;
				LD_RUNPATH_SEARCH_PATHS = (
					"$(inherited)",
					"@executable_path/../Frameworks",
					"@loader_path/../Frameworks",
				);
				PRODUCT_BUNDLE_IDENTIFIER = dev.suniye.app.tests;
				SDKROOT = macosx;
				TEST_HOST = "$(BUILT_PRODUCTS_DIR)/Suniye.app/Contents/MacOS/Suniye";
			};
			name = Debug;
		};
		3E858DF017BEB335A81A7898 /* Release */ = {
			isa = XCBuildConfiguration;
			buildSettings = {
				ASSETCATALOG_COMPILER_APPICON_NAME = AppIcon;
				COMBINE_HIDPI_IMAGES = YES;
				FRAMEWORK_SEARCH_PATHS = (
					"$(inherited)",
					"\"Suniye/Frameworks\"",
				);
				INFOPLIST_FILE = Suniye/Info.plist;
				LD_RUNPATH_SEARCH_PATHS = (
					"$(inherited)",
					"@executable_path/../Frameworks",
				);
				LIBRARY_SEARCH_PATHS = (
					"$(inherited)",
					"$(PROJECT_DIR)/Suniye/Frameworks",
				);
				OTHER_LDFLAGS = (
					"-ObjC",
				);
				PRODUCT_BUNDLE_IDENTIFIER = dev.suniye.app;
				SDKROOT = macosx;
				SWIFT_OBJC_BRIDGING_HEADER = "Suniye/Suniye-Bridging-Header.h";
			};
			name = Release;
		};
		9EE5866856CD10E7EDFE32B9 /* Release */ = {
			isa = XCBuildConfiguration;
			buildSettings = {
				ALWAYS_SEARCH_USER_PATHS = NO;
				CLANG_ANALYZER_NONNULL = YES;
				CLANG_ANALYZER_NUMBER_OBJECT_CONVERSION = YES_AGGRESSIVE;
				CLANG_CXX_LANGUAGE_STANDARD = "gnu++14";
				CLANG_CXX_LIBRARY = "libc++";
				CLANG_ENABLE_MODULES = YES;
				CLANG_ENABLE_OBJC_ARC = YES;
				CLANG_ENABLE_OBJC_WEAK = YES;
				CLANG_WARN_BLOCK_CAPTURE_AUTORELEASING = YES;
				CLANG_WARN_BOOL_CONVERSION = YES;
				CLANG_WARN_COMMA = YES;
				CLANG_WARN_CONSTANT_CONVERSION = YES;
				CLANG_WARN_DEPRECATED_OBJC_IMPLEMENTATIONS = YES;
				CLANG_WARN_DIRECT_OBJC_ISA_USAGE = YES_ERROR;
				CLANG_WARN_DOCUMENTATION_COMMENTS = YES;
				CLANG_WARN_EMPTY_BODY = YES;
				CLANG_WARN_ENUM_CONVERSION = YES;
				CLANG_WARN_INFINITE_RECURSION = YES;
				CLANG_WARN_INT_CONVERSION = YES;
				CLANG_WARN_NON_LITERAL_NULL_CONVERSION = YES;
				CLANG_WARN_OBJC_IMPLICIT_RETAIN_SELF = YES;
				CLANG_WARN_OBJC_LITERAL_CONVERSION = YES;
				CLANG_WARN_OBJC_ROOT_CLASS = YES_ERROR;
				CLANG_WARN_QUOTED_INCLUDE_IN_FRAMEWORK_HEADER = YES;
				CLANG_WARN_RANGE_LOOP_ANALYSIS = YES;
				CLANG_WARN_STRICT_PROTOTYPES = YES;
				CLANG_WARN_SUSPICIOUS_MOVE = YES;
				CLANG_WARN_UNGUARDED_AVAILABILITY = YES_AGGRESSIVE;
				CLANG_WARN_UNREACHABLE_CODE = YES;
				CLANG_WARN__DUPLICATE_METHOD_MATCH = YES;
				COPY_PHASE_STRIP = NO;
				CURRENT_PROJECT_VERSION = 8;
				DEBUG_INFORMATION_FORMAT = "dwarf-with-dsym";
				ENABLE_NS_ASSERTIONS = NO;
				ENABLE_STRICT_OBJC_MSGSEND = YES;
				GCC_C_LANGUAGE_STANDARD = gnu11;
				GCC_NO_COMMON_BLOCKS = YES;
				GCC_WARN_64_TO_32_BIT_CONVERSION = YES;
				GCC_WARN_ABOUT_RETURN_TYPE = YES_ERROR;
				GCC_WARN_UNDECLARED_SELECTOR = YES;
				GCC_WARN_UNINITIALIZED_AUTOS = YES_AGGRESSIVE;
				GCC_WARN_UNUSED_FUNCTION = YES;
				GCC_WARN_UNUSED_VARIABLE = YES;
				MACOSX_DEPLOYMENT_TARGET = 14.0;
				MARKETING_VERSION = 0.0.8;
				MTL_ENABLE_DEBUG_INFO = NO;
				MTL_FAST_MATH = YES;
				PRODUCT_NAME = "$(TARGET_NAME)";
				SDKROOT = macosx;
				SUNIYE_BUILD_CHANNEL = stable;
				SWIFT_COMPILATION_MODE = wholemodule;
				SWIFT_OPTIMIZATION_LEVEL = "-O";
				SWIFT_VERSION = 5.0;
			};
			name = Release;
		};
		ADC9960F5659A33A21579EE4 /* Release */ = {
			isa = XCBuildConfiguration;
			buildSettings = {
				BUNDLE_LOADER = "$(TEST_HOST)";
				COMBINE_HIDPI_IMAGES = YES;
				GENERATE_INFOPLIST_FILE = YES;
				LD_RUNPATH_SEARCH_PATHS = (
					"$(inherited)",
					"@executable_path/../Frameworks",
					"@loader_path/../Frameworks",
				);
				PRODUCT_BUNDLE_IDENTIFIER = dev.suniye.app.tests;
				SDKROOT = macosx;
				TEST_HOST = "$(BUILT_PRODUCTS_DIR)/Suniye.app/Contents/MacOS/Suniye";
			};
			name = Release;
		};
/* End XCBuildConfiguration section */

/* Begin XCConfigurationList section */
		448F126C3CAD6A3E5DBEFBCC /* Build configuration list for PBXProject "Suniye" */ = {
			isa = XCConfigurationList;
			buildConfigurations = (
				112B46D74DD6E123D98AB868 /* Debug */,
				9EE5866856CD10E7EDFE32B9 /* Release */,
			);
			defaultConfigurationIsVisible = 0;
			defaultConfigurationName = Debug;
		};
		B669C8F1859A0CF9EF7B07A5 /* Build configuration list for PBXNativeTarget "Suniye" */ = {
			isa = XCConfigurationList;
			buildConfigurations = (
				1C482FF13816798679E6CAE4 /* Debug */,
				3E858DF017BEB335A81A7898 /* Release */,
			);
			defaultConfigurationIsVisible = 0;
			defaultConfigurationName = Debug;
		};
		C62CDAD6728967C5B37BF91F /* Build configuration list for PBXNativeTarget "SuniyeTests" */ = {
			isa = XCConfigurationList;
			buildConfigurations = (
				31664191B60EB5430E97DCF4 /* Debug */,
				ADC9960F5659A33A21579EE4 /* Release */,
			);
			defaultConfigurationIsVisible = 0;
			defaultConfigurationName = Debug;
		};
/* End XCConfigurationList section */

/* Begin XCRemoteSwiftPackageReference section */
		1D53E53679565392F02B0140 /* XCRemoteSwiftPackageReference "Sparkle" */ = {
			isa = XCRemoteSwiftPackageReference;
			repositoryURL = "https://github.com/sparkle-project/Sparkle";
			requirement = {
				kind = exactVersion;
				version = 2.9.2;
			};
		};
/* End XCRemoteSwiftPackageReference section */

/* Begin XCSwiftPackageProductDependency section */
		A1F146473FBF70BF26A9257B /* Sparkle */ = {
			isa = XCSwiftPackageProductDependency;
			package = 1D53E53679565392F02B0140 /* XCRemoteSwiftPackageReference "Sparkle" */;
			productName = Sparkle;
		};
/* End XCSwiftPackageProductDependency section */
	};
	rootObject = 7EC380E89D48507CA2D5440A /* Project object */;
}
